
Microsoft Visual Studio Solution File, Format Version 12.00
# Visual Studio Version 17
VisualStudioVersion = 17.8.34408.163
MinimumVisualStudioVersion = 10.0.40219.1
Project("{9A19103F-16F7-4668-BE54-9A1E7A4F7556}") = "First_Task", "Tasks\First_Task.csproj", "{B33D9839-C88F-4A60-9AFC-2550CA5EEAD8}"
EndProject
Project("{2150E333-8FDC-42A3-9474-1A3956D46DE8}") = "Solution Items", "Solution Items", "{B46CF485-A12C-4133-8BC8-CF5E2FCC2135}"
EndProject
Project("{9A19103F-16F7-4668-BE54-9A1E7A4F7556}") = "Second_Task_Snake_&_Ladder", "Second_Task_Snake_&_Ladder\Second_Task_Snake_&_Ladder.csproj", "{7DAE44C9-1195-40AA-B163-0F6D567D8CC8}"
EndProject
Project("{9A19103F-16F7-4668-BE54-9A1E7A4F7556}") = "AddressBookSystem", "AddressBookSystem\AddressBookSystem.csproj", "{19DD88C8-7336-4FCA-AFAC-2EC42B31AD89}"
EndProject
Project("{9A19103F-16F7-4668-BE54-9A1E7A4F7556}") = "GraphImplementation", "GraphImplementation\GraphImplementation.csproj", "{B90C60A6-6882-47FE-A17D-DE50565245C4}"
EndProject
Project("{9A19103F-16F7-4668-BE54-9A1E7A4F7556}") = "Collections", "Collections\Collections.csproj", "{347C40AB-B686-4A4C-9ECC-10371F2E8577}"
EndProject
Project("{9A19103F-16F7-4668-BE54-9A1E7A4F7556}") = "UserRegistration", "UserRegistrationUC\UserRegistration.csproj", "{A241F88C-5576-4635-8A55-C36C97E55636}"
EndProject
Project("{9A19103F-16F7-4668-BE54-9A1E7A4F7556}") = "RegExp", "RegExp\RegExp.csproj", "{C21BBB01-9960-429A-87F7-4281DA8948F8}"
EndProject
Project("{9A19103F-16F7-4668-BE54-9A1E7A4F7556}") = "Generics", "Generics\Generics.csproj", "{79B31666-A71B-4B7E-BE8D-2C76EBBD7C08}"
EndProject
Project("{9A19103F-16F7-4668-BE54-9A1E7A4F7556}") = "AtmMachine", "AtmMachine\AtmMachine.csproj", "{3A084DEE-1ABE-4418-97EE-E746E07EF68E}"
EndProject
Project("{9A19103F-16F7-4668-BE54-9A1E7A4F7556}") = "FileIOReadCount", "FileIOReadCount\FileIOReadCount.csproj", "{FBC8FA25-EB26-4F6D-ACBD-A3CA5E7D56E8}"
EndProject
Project("{FAE04EC0-301F-11D3-BF4B-00C04F79EFBC}") = "ADO.NetTestCase", "ADO.NetTestCase\ADO.NetTestCase.csproj", "{21ABB65E-9638-491C-8B75-38E5C302BA55}"
EndProject
Global
	GlobalSection(SolutionConfigurationPlatforms) = preSolution
		Debug|Any CPU = Debug|Any CPU
		Release|Any CPU = Release|Any CPU
	EndGlobalSection
	GlobalSection(ProjectConfigurationPlatforms) = postSolution
		{B33D9839-C88F-4A60-9AFC-2550CA5EEAD8}.Debug|Any CPU.ActiveCfg = Debug|Any CPU
		{B33D9839-C88F-4A60-9AFC-2550CA5EEAD8}.Debug|Any CPU.Build.0 = Debug|Any CPU
		{B33D9839-C88F-4A60-9AFC-2550CA5EEAD8}.Release|Any CPU.ActiveCfg = Release|Any CPU
		{B33D9839-C88F-4A60-9AFC-2550CA5EEAD8}.Release|Any CPU.Build.0 = Release|Any CPU
		{7DAE44C9-1195-40AA-B163-0F6D567D8CC8}.Debug|Any CPU.ActiveCfg = Debug|Any CPU
		{7DAE44C9-1195-40AA-B163-0F6D567D8CC8}.Debug|Any CPU.Build.0 = Debug|Any CPU
		{7DAE44C9-1195-40AA-B163-0F6D567D8CC8}.Release|Any CPU.ActiveCfg = Release|Any CPU
		{7DAE44C9-1195-40AA-B163-0F6D567D8CC8}.Release|Any CPU.Build.0 = Release|Any CPU
		{19DD88C8-7336-4FCA-AFAC-2EC42B31AD89}.Debug|Any CPU.ActiveCfg = Debug|Any CPU
		{19DD88C8-7336-4FCA-AFAC-2EC42B31AD89}.Debug|Any CPU.Build.0 = Debug|Any CPU
		{19DD88C8-7336-4FCA-AFAC-2EC42B31AD89}.Release|Any CPU.ActiveCfg = Release|Any CPU
		{19DD88C8-7336-4FCA-AFAC-2EC42B31AD89}.Release|Any CPU.Build.0 = Release|Any CPU
		{B90C60A6-6882-47FE-A17D-DE50565245C4}.Debug|Any CPU.ActiveCfg = Debug|Any CPU
		{B90C60A6-6882-47FE-A17D-DE50565245C4}.Debug|Any CPU.Build.0 = Debug|Any CPU
		{B90C60A6-6882-47FE-A17D-DE50565245C4}.Release|Any CPU.ActiveCfg = Release|Any CPU
		{B90C60A6-6882-47FE-A17D-DE50565245C4}.Release|Any CPU.Build.0 = Release|Any CPU
		{347C40AB-B686-4A4C-9ECC-10371F2E8577}.Debug|Any CPU.ActiveCfg = Debug|Any CPU
		{347C40AB-B686-4A4C-9ECC-10371F2E8577}.Debug|Any CPU.Build.0 = Debug|Any CPU
		{347C40AB-B686-4A4C-9ECC-10371F2E8577}.Release|Any CPU.ActiveCfg = Release|Any CPU
		{347C40AB-B686-4A4C-9ECC-10371F2E8577}.Release|Any CPU.Build.0 = Release|Any CPU
		{A241F88C-5576-4635-8A55-C36C97E55636}.Debug|Any CPU.ActiveCfg = Debug|Any CPU
		{A241F88C-5576-4635-8A55-C36C97E55636}.Debug|Any CPU.Build.0 = Debug|Any CPU
		{A241F88C-5576-4635-8A55-C36C97E55636}.Release|Any CPU.ActiveCfg = Release|Any CPU
		{A241F88C-5576-4635-8A55-C36C97E55636}.Release|Any CPU.Build.0 = Release|Any CPU
		{C21BBB01-9960-429A-87F7-4281DA8948F8}.Debug|Any CPU.ActiveCfg = Debug|Any CPU
		{C21BBB01-9960-429A-87F7-4281DA8948F8}.Debug|Any CPU.Build.0 = Debug|Any CPU
		{C21BBB01-9960-429A-87F7-4281DA8948F8}.Release|Any CPU.ActiveCfg = Release|Any CPU
		{C21BBB01-9960-429A-87F7-4281DA8948F8}.Release|Any CPU.Build.0 = Release|Any CPU
		{79B31666-A71B-4B7E-BE8D-2C76EBBD7C08}.Debug|Any CPU.ActiveCfg = Debug|Any CPU
		{79B31666-A71B-4B7E-BE8D-2C76EBBD7C08}.Debug|Any CPU.Build.0 = Debug|Any CPU
		{79B31666-A71B-4B7E-BE8D-2C76EBBD7C08}.Release|Any CPU.ActiveCfg = Release|Any CPU
		{79B31666-A71B-4B7E-BE8D-2C76EBBD7C08}.Release|Any CPU.Build.0 = Release|Any CPU
		{3A084DEE-1ABE-4418-97EE-E746E07EF68E}.Debug|Any CPU.ActiveCfg = Debug|Any CPU
		{3A084DEE-1ABE-4418-97EE-E746E07EF68E}.Debug|Any CPU.Build.0 = Debug|Any CPU
		{3A084DEE-1ABE-4418-97EE-E746E07EF68E}.Release|Any CPU.ActiveCfg = Release|Any CPU
		{3A084DEE-1ABE-4418-97EE-E746E07EF68E}.Release|Any CPU.Build.0 = Release|Any CPU
		{FBC8FA25-EB26-4F6D-ACBD-A3CA5E7D56E8}.Debug|Any CPU.ActiveCfg = Debug|Any CPU
		{FBC8FA25-EB26-4F6D-ACBD-A3CA5E7D56E8}.Debug|Any CPU.Build.0 = Debug|Any CPU
		{FBC8FA25-EB26-4F6D-ACBD-A3CA5E7D56E8}.Release|Any CPU.ActiveCfg = Release|Any CPU
		{FBC8FA25-EB26-4F6D-ACBD-A3CA5E7D56E8}.Release|Any CPU.Build.0 = Release|Any CPU
		{21ABB65E-9638-491C-8B75-38E5C302BA55}.Debug|Any CPU.ActiveCfg = Debug|Any CPU
		{21ABB65E-9638-491C-8B75-38E5C302BA55}.Debug|Any CPU.Build.0 = Debug|Any CPU
		{21ABB65E-9638-491C-8B75-38E5C302BA55}.Release|Any CPU.ActiveCfg = Release|Any CPU
		{21ABB65E-9638-491C-8B75-38E5C302BA55}.Release|Any CPU.Build.0 = Release|Any CPU
	EndGlobalSection
	GlobalSection(SolutionProperties) = preSolution
		HideSolutionNode = FALSE
	EndGlobalSection
	GlobalSection(ExtensibilityGlobals) = postSolution
		SolutionGuid = {7E17CD35-98D5-4135-A0C1-A442975A9318}
	EndGlobalSection
EndGlobal
