
Microsoft Visual Studio Solution File, Format Version 12.00
# Visual Studio Version 17
VisualStudioVersion = 17.8.34408.163
MinimumVisualStudioVersion = 10.0.40219.1
Project("{9A19103F-16F7-4668-BE54-9A1E7A4F7556}") = "First_Task", "Tasks\First_Task.csproj", "{B33D9839-C88F-4A60-9AFC-2550CA5EEAD8}"
EndProject
Project("{2150E333-8FDC-42A3-9474-1A3956D46DE8}") = "Solution Items", "Solution Items", "{B46CF485-A12C-4133-8BC8-CF5E2FCC2135}"
EndProject
Project("{FAE04EC0-301F-11D3-BF4B-00C04F79EFBC}") = "Second_Task_Snake_&_Ladder", "Second_Task_Snake_&_Ladder\Second_Task_Snake_&_Ladder.csproj", "{7DAE44C9-1195-40AA-B163-0F6D567D8CC8}"
EndProject
Global
	GlobalSection(SolutionConfigurationPlatforms) = preSolution
		Debug|Any CPU = Debug|Any CPU
		Release|Any CPU = Release|Any CPU
	EndGlobalSection
	GlobalSection(ProjectConfigurationPlatforms) = postSolution
		{B33D9839-C88F-4A60-9AFC-2550CA5EEAD8}.Debug|Any CPU.ActiveCfg = Debug|Any CPU
		{B33D9839-C88F-4A60-9AFC-2550CA5EEAD8}.Debug|Any CPU.Build.0 = Debug|Any CPU
		{B33D9839-C88F-4A60-9AFC-2550CA5EEAD8}.Release|Any CPU.ActiveCfg = Release|Any CPU
		{B33D9839-C88F-4A60-9AFC-2550CA5EEAD8}.Release|Any CPU.Build.0 = Release|Any CPU
		{7DAE44C9-1195-40AA-B163-0F6D567D8CC8}.Debug|Any CPU.ActiveCfg = Debug|Any CPU
		{7DAE44C9-1195-40AA-B163-0F6D567D8CC8}.Debug|Any CPU.Build.0 = Debug|Any CPU
		{7DAE44C9-1195-40AA-B163-0F6D567D8CC8}.Release|Any CPU.ActiveCfg = Release|Any CPU
		{7DAE44C9-1195-40AA-B163-0F6D567D8CC8}.Release|Any CPU.Build.0 = Release|Any CPU
	EndGlobalSection
	GlobalSection(SolutionProperties) = preSolution
		HideSolutionNode = FALSE
	EndGlobalSection
	GlobalSection(ExtensibilityGlobals) = postSolution
		SolutionGuid = {7E17CD35-98D5-4135-A0C1-A442975A9318}
	EndGlobalSection
EndGlobal
